
Microsoft Visual Studio Solution File, Format Version 12.00
# Visual Studio Version 17
VisualStudioVersion = 17.14.36930.0 d17.14
MinimumVisualStudioVersion = 10.0.40219.1
Project("{FAE04EC0-301F-11D3-BF4B-00C04F79EFBC}") = "SistemaBliblioteca", "SistemaBliblioteca\SistemaBliblioteca.csproj", "{BF246D2F-75E6-47DB-BEEA-8CFF3600722E}"
EndProject
Global
	GlobalSection(SolutionConfigurationPlatforms) = preSolution
		Debug|Any CPU = Debug|Any CPU
		Release|Any CPU = Release|Any CPU
	EndGlobalSection
	GlobalSection(ProjectConfigurationPlatforms) = postSolution
		{BF246D2F-75E6-47DB-BEEA-8CFF3600722E}.Debug|Any CPU.ActiveCfg = Debug|Any CPU
		{BF246D2F-75E6-47DB-BEEA-8CFF3600722E}.Debug|Any CPU.Build.0 = Debug|Any CPU
		{BF246D2F-75E6-47DB-BEEA-8CFF3600722E}.Release|Any CPU.ActiveCfg = Release|Any CPU
		{BF246D2F-75E6-47DB-BEEA-8CFF3600722E}.Release|Any CPU.Build.0 = Release|Any CPU
	EndGlobalSection
	GlobalSection(SolutionProperties) = preSolution
		HideSolutionNode = FALSE
	EndGlobalSection
	GlobalSection(ExtensibilityGlobals) = postSolution
		SolutionGuid = {ABB96C7A-133D-4B9B-AD10-8C10822EF8DA}
	EndGlobalSection
EndGlobal
