
Microsoft Visual Studio Solution File, Format Version 12.00
# Visual Studio Version 17
VisualStudioVersion = 17.14.36930.0 d17.14
MinimumVisualStudioVersion = 10.0.40219.1
Project("{FAE04EC0-301F-11D3-BF4B-00C04F79EFBC}") = "ComboBox_CheckBox", "ComboBox_CheckBox\ComboBox_CheckBox.csproj", "{F646E26B-18C8-41E3-A0F7-8E3F24182410}"
EndProject
Global
	GlobalSection(SolutionConfigurationPlatforms) = preSolution
		Debug|Any CPU = Debug|Any CPU
		Release|Any CPU = Release|Any CPU
	EndGlobalSection
	GlobalSection(ProjectConfigurationPlatforms) = postSolution
		{F646E26B-18C8-41E3-A0F7-8E3F24182410}.Debug|Any CPU.ActiveCfg = Debug|Any CPU
		{F646E26B-18C8-41E3-A0F7-8E3F24182410}.Debug|Any CPU.Build.0 = Debug|Any CPU
		{F646E26B-18C8-41E3-A0F7-8E3F24182410}.Release|Any CPU.ActiveCfg = Release|Any CPU
		{F646E26B-18C8-41E3-A0F7-8E3F24182410}.Release|Any CPU.Build.0 = Release|Any CPU
	EndGlobalSection
	GlobalSection(SolutionProperties) = preSolution
		HideSolutionNode = FALSE
	EndGlobalSection
	GlobalSection(ExtensibilityGlobals) = postSolution
		SolutionGuid = {3E4EA050-8A97-4839-8066-61FC49F21175}
	EndGlobalSection
EndGlobal
