
Microsoft Visual Studio Solution File, Format Version 12.00
# Visual Studio Version 17
VisualStudioVersion = 17.14.36930.0 d17.14
MinimumVisualStudioVersion = 10.0.40219.1
Project("{FAE04EC0-301F-11D3-BF4B-00C04F79EFBC}") = "Trabajo_con_LINQ", "Trabajo_con_LINQ\Trabajo_con_LINQ.csproj", "{7968A249-7EBE-40AA-8637-02AE4FE2BA61}"
EndProject
Global
	GlobalSection(SolutionConfigurationPlatforms) = preSolution
		Debug|Any CPU = Debug|Any CPU
		Release|Any CPU = Release|Any CPU
	EndGlobalSection
	GlobalSection(ProjectConfigurationPlatforms) = postSolution
		{7968A249-7EBE-40AA-8637-02AE4FE2BA61}.Debug|Any CPU.ActiveCfg = Debug|Any CPU
		{7968A249-7EBE-40AA-8637-02AE4FE2BA61}.Debug|Any CPU.Build.0 = Debug|Any CPU
		{7968A249-7EBE-40AA-8637-02AE4FE2BA61}.Release|Any CPU.ActiveCfg = Release|Any CPU
		{7968A249-7EBE-40AA-8637-02AE4FE2BA61}.Release|Any CPU.Build.0 = Release|Any CPU
	EndGlobalSection
	GlobalSection(SolutionProperties) = preSolution
		HideSolutionNode = FALSE
	EndGlobalSection
	GlobalSection(ExtensibilityGlobals) = postSolution
		SolutionGuid = {50C6A822-AFA2-4C0C-BAF7-9AFC7CB6859A}
	EndGlobalSection
EndGlobal
