
Microsoft Visual Studio Solution File, Format Version 12.00
# Visual Studio Version 17
VisualStudioVersion = 17.14.36930.0 d17.14
MinimumVisualStudioVersion = 10.0.40219.1
Project("{FAE04EC0-301F-11D3-BF4B-00C04F79EFBC}") = "DependencyProperties", "DependencyProperties\DependencyProperties.csproj", "{05E56C41-BF43-4546-9644-C06195698C5A}"
EndProject
Global
	GlobalSection(SolutionConfigurationPlatforms) = preSolution
		Debug|Any CPU = Debug|Any CPU
		Release|Any CPU = Release|Any CPU
	EndGlobalSection
	GlobalSection(ProjectConfigurationPlatforms) = postSolution
		{05E56C41-BF43-4546-9644-C06195698C5A}.Debug|Any CPU.ActiveCfg = Debug|Any CPU
		{05E56C41-BF43-4546-9644-C06195698C5A}.Debug|Any CPU.Build.0 = Debug|Any CPU
		{05E56C41-BF43-4546-9644-C06195698C5A}.Release|Any CPU.ActiveCfg = Release|Any CPU
		{05E56C41-BF43-4546-9644-C06195698C5A}.Release|Any CPU.Build.0 = Release|Any CPU
	EndGlobalSection
	GlobalSection(SolutionProperties) = preSolution
		HideSolutionNode = FALSE
	EndGlobalSection
	GlobalSection(ExtensibilityGlobals) = postSolution
		SolutionGuid = {7360763F-DB55-4693-AB91-82DE4932F0C8}
	EndGlobalSection
EndGlobal
